
Microsoft Visual Studio Solution File, Format Version 12.00
# Visual Studio Version 16
VisualStudioVersion = 16.0.31025.194
MinimumVisualStudioVersion = 10.0.40219.1
Project("{FAE04EC0-301F-11D3-BF4B-00C04F79EFBC}") = "NetJava4", "NetJava4\NetJava4.csproj", "{D521E7CB-0895-4AFF-9C0A-96735554806E}"
EndProject
Global
	GlobalSection(SolutionConfigurationPlatforms) = preSolution
		Debug|Any CPU = Debug|Any CPU
		Release|Any CPU = Release|Any CPU
	EndGlobalSection
	GlobalSection(ProjectConfigurationPlatforms) = postSolution
		{D521E7CB-0895-4AFF-9C0A-96735554806E}.Debug|Any CPU.ActiveCfg = Debug|Any CPU
		{D521E7CB-0895-4AFF-9C0A-96735554806E}.Debug|Any CPU.Build.0 = Debug|Any CPU
		{D521E7CB-0895-4AFF-9C0A-96735554806E}.Release|Any CPU.ActiveCfg = Release|Any CPU
		{D521E7CB-0895-4AFF-9C0A-96735554806E}.Release|Any CPU.Build.0 = Release|Any CPU
	EndGlobalSection
	GlobalSection(SolutionProperties) = preSolution
		HideSolutionNode = FALSE
	EndGlobalSection
	GlobalSection(ExtensibilityGlobals) = postSolution
		SolutionGuid = {76479FE9-9ACF-48A7-986A-71293A46D23D}
	EndGlobalSection
EndGlobal
